{
  "name": "vns_skipAuth",
  "lockfileVersion": 2,
  "requires": true,
  "packages": {
    "": {
      "dependencies": {
        "chrome-types": "^0.1.231",
        "dompurify": "^3.0.6"
      }
    },
    "node_modules/chrome-types": {
      "version": "0.1.231",
      "resolved": "https://registry.npmjs.org/chrome-types/-/chrome-types-0.1.231.tgz",
      "integrity": "sha512-h3bavs+tROAeGE2pLJckJNQzFU5HN2yYEKEG+2byq1+MWrycBYxklCl6gRaI3Jjeyn1DzTTrFToOvdRCQfc/kg=="
    },
    "node_modules/dompurify": {
      "version": "3.0.6",
      "resolved": "https://registry.npmjs.org/dompurify/-/dompurify-3.0.6.tgz",
      "integrity": "sha512-ilkD8YEnnGh1zJ240uJsW7AzE+2qpbOUYjacomn3AvJ6J4JhKGSZ2nh4wUIXPZrEPppaCLx5jFe8T89Rk8tQ7w=="
    }
  },
  "dependencies": {
    "chrome-types": {
      "version": "0.1.231",
      "resolved": "https://registry.npmjs.org/chrome-types/-/chrome-types-0.1.231.tgz",
      "integrity": "sha512-h3bavs+tROAeGE2pLJckJNQzFU5HN2yYEKEG+2byq1+MWrycBYxklCl6gRaI3Jjeyn1DzTTrFToOvdRCQfc/kg=="
    },
    "dompurify": {
      "version": "3.0.6",
      "resolved": "https://registry.npmjs.org/dompurify/-/dompurify-3.0.6.tgz",
      "integrity": "sha512-ilkD8YEnnGh1zJ240uJsW7AzE+2qpbOUYjacomn3AvJ6J4JhKGSZ2nh4wUIXPZrEPppaCLx5jFe8T89Rk8tQ7w=="
    }
  }
}
